
Microsoft Visual Studio Solution File, Format Version 12.00
# Visual Studio Version 16
VisualStudioVersion = 16.0.30907.101
MinimumVisualStudioVersion = 10.0.40219.1
Project("{FAE04EC0-301F-11D3-BF4B-00C04F79EFBC}") = "RomanNumbersWithTests", "RomanNumbersWithTests\RomanNumbersWithTests.csproj", "{E8515923-F202-4E10-9B52-32EA9919CD25}"
EndProject
Project("{FAE04EC0-301F-11D3-BF4B-00C04F79EFBC}") = "RomanNumbersWithTestsTests", "RomanNumbersWithTestsTests\RomanNumbersWithTestsTests.csproj", "{56E5785E-12A5-435A-B373-1E0D5419C91D}"
EndProject
Global
	GlobalSection(SolutionConfigurationPlatforms) = preSolution
		Debug|Any CPU = Debug|Any CPU
		Release|Any CPU = Release|Any CPU
	EndGlobalSection
	GlobalSection(ProjectConfigurationPlatforms) = postSolution
		{E8515923-F202-4E10-9B52-32EA9919CD25}.Debug|Any CPU.ActiveCfg = Debug|Any CPU
		{E8515923-F202-4E10-9B52-32EA9919CD25}.Debug|Any CPU.Build.0 = Debug|Any CPU
		{E8515923-F202-4E10-9B52-32EA9919CD25}.Release|Any CPU.ActiveCfg = Release|Any CPU
		{E8515923-F202-4E10-9B52-32EA9919CD25}.Release|Any CPU.Build.0 = Release|Any CPU
		{56E5785E-12A5-435A-B373-1E0D5419C91D}.Debug|Any CPU.ActiveCfg = Debug|Any CPU
		{56E5785E-12A5-435A-B373-1E0D5419C91D}.Debug|Any CPU.Build.0 = Debug|Any CPU
		{56E5785E-12A5-435A-B373-1E0D5419C91D}.Release|Any CPU.ActiveCfg = Release|Any CPU
		{56E5785E-12A5-435A-B373-1E0D5419C91D}.Release|Any CPU.Build.0 = Release|Any CPU
	EndGlobalSection
	GlobalSection(SolutionProperties) = preSolution
		HideSolutionNode = FALSE
	EndGlobalSection
	GlobalSection(ExtensibilityGlobals) = postSolution
		SolutionGuid = {8D714844-6F8B-4982-8DEF-9F497F515AE8}
	EndGlobalSection
EndGlobal
